PODS:
  - Flutter (1.0.0)
  - keep_screen_on (3.0.0):
    - Flutter

DEPENDENCIES:
  - Flutter (from `Flutter`)
  - keep_screen_on (from `.symlinks/plugins/keep_screen_on/ios`)

EXTERNAL SOURCES:
  Flutter:
    :path: Flutter
  keep_screen_on:
    :path: ".symlinks/plugins/keep_screen_on/ios"

SPEC CHECKSUMS:
  Flutter: e0871f40cf51350855a761d2e70bf5af5b9b5de7
  keep_screen_on: bc3e0a8520835eb03d3697ff76e8b1c34637353c

PODFILE CHECKSUM: 819463e6a0290f5a72f145ba7cde16e8b6ef0796

COCOAPODS: 1.15.2
